
Microsoft Visual Studio Solution File, Format Version 12.00
# Visual Studio Version 18
VisualStudioVersion = 18.0.11018.127 d18.0
MinimumVisualStudioVersion = 10.0.40219.1
Project("{FAE04EC0-301F-11D3-BF4B-00C04F79EFBC}") = "Nerdbank", "Nerdbank\Nerdbank.csproj", "{70186D32-DFF0-44B4-B878-7237FCD63228}"
EndProject
Project("{FAE04EC0-301F-11D3-BF4B-00C04F79EFBC}") = "MessagePackCSharp", "MessagePackCSharp\MessagePackCSharp.csproj", "{83926054-2D5F-E310-6E94-E75A284BF345}"
EndProject
Project("{2150E333-8FDC-42A3-9474-1A3956D46DE8}") = "Solution Items", "Solution Items", "{2DB31BF1-1EE2-4E0B-B70E-69839F96F2C0}"
	ProjectSection(SolutionItems) = preProject
		publish_and_compare.ps1 = publish_and_compare.ps1
		README.md = README.md
	EndProjectSection
EndProject
Global
	GlobalSection(SolutionConfigurationPlatforms) = preSolution
		Debug|Any CPU = Debug|Any CPU
		Release|Any CPU = Release|Any CPU
	EndGlobalSection
	GlobalSection(ProjectConfigurationPlatforms) = postSolution
		{70186D32-DFF0-44B4-B878-7237FCD63228}.Debug|Any CPU.ActiveCfg = Debug|Any CPU
		{70186D32-DFF0-44B4-B878-7237FCD63228}.Debug|Any CPU.Build.0 = Debug|Any CPU
		{70186D32-DFF0-44B4-B878-7237FCD63228}.Release|Any CPU.ActiveCfg = Release|Any CPU
		{70186D32-DFF0-44B4-B878-7237FCD63228}.Release|Any CPU.Build.0 = Release|Any CPU
		{83926054-2D5F-E310-6E94-E75A284BF345}.Debug|Any CPU.ActiveCfg = Debug|Any CPU
		{83926054-2D5F-E310-6E94-E75A284BF345}.Debug|Any CPU.Build.0 = Debug|Any CPU
		{83926054-2D5F-E310-6E94-E75A284BF345}.Release|Any CPU.ActiveCfg = Release|Any CPU
		{83926054-2D5F-E310-6E94-E75A284BF345}.Release|Any CPU.Build.0 = Release|Any CPU
	EndGlobalSection
	GlobalSection(SolutionProperties) = preSolution
		HideSolutionNode = FALSE
	EndGlobalSection
	GlobalSection(ExtensibilityGlobals) = postSolution
		SolutionGuid = {035849E2-91F7-40BC-A043-1DD3BF7DDBB4}
	EndGlobalSection
EndGlobal
